
Microsoft Visual Studio Solution File, Format Version 12.00
# Visual Studio Version 17
VisualStudioVersion = 17.0.31912.275
MinimumVisualStudioVersion = 10.0.40219.1
Project("{2150E333-8FDC-42A3-9474-1A3956D46DE8}") = "0-Servico", "0-Servico", "{23735860-4D95-4E3A-8DD2-1E7B132403D9}"
EndProject
Project("{2150E333-8FDC-42A3-9474-1A3956D46DE8}") = "1-Dominio", "1-Dominio", "{293FCBB6-6190-48CF-8F17-E096F33BAE5D}"
EndProject
Project("{2150E333-8FDC-42A3-9474-1A3956D46DE8}") = "2-Infra", "2-Infra", "{712455B0-4376-43C4-8CE6-44FB0BC1ED11}"
EndProject
Project("{2150E333-8FDC-42A3-9474-1A3956D46DE8}") = "3-Repositorio", "3-Repositorio", "{5ACA093E-7B11-4AAA-8B39-BC99583A3006}"
EndProject
Project("{9A19103F-16F7-4668-BE54-9A1E7A4F7556}") = "Dominio", "Dominio\Dominio.csproj", "{54090237-604D-4F74-AE6D-4A71B4857D49}"
EndProject
Project("{2150E333-8FDC-42A3-9474-1A3956D46DE8}") = "4-Testes", "4-Testes", "{8E39BEA5-1990-4DD7-900A-4155BD455B8A}"
EndProject
Project("{9A19103F-16F7-4668-BE54-9A1E7A4F7556}") = "TestProject", "TestProject\TestProject.csproj", "{1EC3F2EA-44FC-4E1D-ADE2-FE7B7B48D11C}"
EndProject
Project("{9A19103F-16F7-4668-BE54-9A1E7A4F7556}") = "Infra.Data", "Infra.Data\Infra.Data.csproj", "{1ABCD35C-E7ED-423A-A4C3-D71A9B9D1E4C}"
EndProject
Project("{9A19103F-16F7-4668-BE54-9A1E7A4F7556}") = "Repositorio", "Repositorio\Repositorio.csproj", "{EA32AEBB-B183-421A-B282-7776C2492E23}"
EndProject
Project("{9A19103F-16F7-4668-BE54-9A1E7A4F7556}") = "Servico", "Servico\Servico.csproj", "{E5FCD257-8192-4752-A180-F306B17CB246}"
EndProject
Project("{2150E333-8FDC-42A3-9474-1A3956D46DE8}") = "5-Web", "5-Web", "{93675DAF-9EE7-4C21-B2D6-1A578750DC9A}"
EndProject
Project("{FAE04EC0-301F-11D3-BF4B-00C04F79EFBC}") = "Api", "Api\Api.csproj", "{BCCB9047-12E1-4E75-ACB9-505F7D1CFFAD}"
EndProject
Global
	GlobalSection(SolutionConfigurationPlatforms) = preSolution
		Debug|Any CPU = Debug|Any CPU
		Release|Any CPU = Release|Any CPU
	EndGlobalSection
	GlobalSection(ProjectConfigurationPlatforms) = postSolution
		{54090237-604D-4F74-AE6D-4A71B4857D49}.Debug|Any CPU.ActiveCfg = Debug|Any CPU
		{54090237-604D-4F74-AE6D-4A71B4857D49}.Debug|Any CPU.Build.0 = Debug|Any CPU
		{54090237-604D-4F74-AE6D-4A71B4857D49}.Release|Any CPU.ActiveCfg = Release|Any CPU
		{54090237-604D-4F74-AE6D-4A71B4857D49}.Release|Any CPU.Build.0 = Release|Any CPU
		{1EC3F2EA-44FC-4E1D-ADE2-FE7B7B48D11C}.Debug|Any CPU.ActiveCfg = Debug|Any CPU
		{1EC3F2EA-44FC-4E1D-ADE2-FE7B7B48D11C}.Debug|Any CPU.Build.0 = Debug|Any CPU
		{1EC3F2EA-44FC-4E1D-ADE2-FE7B7B48D11C}.Release|Any CPU.ActiveCfg = Release|Any CPU
		{1EC3F2EA-44FC-4E1D-ADE2-FE7B7B48D11C}.Release|Any CPU.Build.0 = Release|Any CPU
		{1ABCD35C-E7ED-423A-A4C3-D71A9B9D1E4C}.Debug|Any CPU.ActiveCfg = Debug|Any CPU
		{1ABCD35C-E7ED-423A-A4C3-D71A9B9D1E4C}.Debug|Any CPU.Build.0 = Debug|Any CPU
		{1ABCD35C-E7ED-423A-A4C3-D71A9B9D1E4C}.Release|Any CPU.ActiveCfg = Release|Any CPU
		{1ABCD35C-E7ED-423A-A4C3-D71A9B9D1E4C}.Release|Any CPU.Build.0 = Release|Any CPU
		{EA32AEBB-B183-421A-B282-7776C2492E23}.Debug|Any CPU.ActiveCfg = Debug|Any CPU
		{EA32AEBB-B183-421A-B282-7776C2492E23}.Debug|Any CPU.Build.0 = Debug|Any CPU
		{EA32AEBB-B183-421A-B282-7776C2492E23}.Release|Any CPU.ActiveCfg = Release|Any CPU
		{EA32AEBB-B183-421A-B282-7776C2492E23}.Release|Any CPU.Build.0 = Release|Any CPU
		{E5FCD257-8192-4752-A180-F306B17CB246}.Debug|Any CPU.ActiveCfg = Debug|Any CPU
		{E5FCD257-8192-4752-A180-F306B17CB246}.Debug|Any CPU.Build.0 = Debug|Any CPU
		{E5FCD257-8192-4752-A180-F306B17CB246}.Release|Any CPU.ActiveCfg = Release|Any CPU
		{E5FCD257-8192-4752-A180-F306B17CB246}.Release|Any CPU.Build.0 = Release|Any CPU
		{BCCB9047-12E1-4E75-ACB9-505F7D1CFFAD}.Debug|Any CPU.ActiveCfg = Debug|Any CPU
		{BCCB9047-12E1-4E75-ACB9-505F7D1CFFAD}.Debug|Any CPU.Build.0 = Debug|Any CPU
		{BCCB9047-12E1-4E75-ACB9-505F7D1CFFAD}.Release|Any CPU.ActiveCfg = Release|Any CPU
		{BCCB9047-12E1-4E75-ACB9-505F7D1CFFAD}.Release|Any CPU.Build.0 = Release|Any CPU
	EndGlobalSection
	GlobalSection(SolutionProperties) = preSolution
		HideSolutionNode = FALSE
	EndGlobalSection
	GlobalSection(NestedProjects) = preSolution
		{54090237-604D-4F74-AE6D-4A71B4857D49} = {293FCBB6-6190-48CF-8F17-E096F33BAE5D}
		{1EC3F2EA-44FC-4E1D-ADE2-FE7B7B48D11C} = {8E39BEA5-1990-4DD7-900A-4155BD455B8A}
		{1ABCD35C-E7ED-423A-A4C3-D71A9B9D1E4C} = {712455B0-4376-43C4-8CE6-44FB0BC1ED11}
		{EA32AEBB-B183-421A-B282-7776C2492E23} = {5ACA093E-7B11-4AAA-8B39-BC99583A3006}
		{E5FCD257-8192-4752-A180-F306B17CB246} = {23735860-4D95-4E3A-8DD2-1E7B132403D9}
		{BCCB9047-12E1-4E75-ACB9-505F7D1CFFAD} = {93675DAF-9EE7-4C21-B2D6-1A578750DC9A}
	EndGlobalSection
	GlobalSection(ExtensibilityGlobals) = postSolution
		SolutionGuid = {FBBAF4B1-0CDD-4CEE-A0F4-F8D71812A117}
	EndGlobalSection
EndGlobal
